PODS:
  - Alamofire (5.2.1)
  - IQKeyboardManager (6.5.6)
  - Moya/Core (14.0.0):
    - Alamofire (~> 5.0)
  - Moya/RxSwift (14.0.0):
    - Moya/Core
    - RxSwift (~> 5.0)
  - PromiseKit (6.10.0):
    - PromiseKit/CorePromise (= 6.10.0)
    - PromiseKit/Foundation (= 6.10.0)
    - PromiseKit/UIKit (= 6.10.0)
  - PromiseKit/CorePromise (6.10.0)
  - PromiseKit/Foundation (6.10.0):
    - PromiseKit/CorePromise
  - PromiseKit/UIKit (6.10.0):
    - PromiseKit/CorePromise
  - RxCocoa (5.0.0):
    - RxRelay (~> 5)
    - RxSwift (~> 5)
  - RxRelay (5.1.1):
    - RxSwift (~> 5)
  - RxSwift (5.1.1)
  - SDWebImage (5.9.0):
    - SDWebImage/Core (= 5.9.0)
  - SDWebImage/Core (5.9.0)
  - SnapKit (5.0.1)

DEPENDENCIES:
  - IQKeyboardManager
  - Moya/RxSwift (~> 14.0)
  - PromiseKit
  - RxCocoa
  - SDWebImage (~> 5.0)
  - SnapKit (= 5.0.1)

SPEC REPOS:
  trunk:
    - Alamofire
    - IQKeyboardManager
    - Moya
    - PromiseKit
    - RxCocoa
    - RxRelay
    - RxSwift
    - SDWebImage
    - SnapKit

SPEC CHECKSUMS:
  Alamofire: e911732990610fe89af59ac0077f923d72dc3dfd
  IQKeyboardManager: 2a6e97afdafc7becf0cb17a9a8d795e3a980717f
  Moya: 5b45dacb75adb009f97fde91c204c1e565d31916
  PromiseKit: 1fdaeb6c0a94a5114fcb814ff3d772b86886ad4e
  RxCocoa: fcf32050ac00d801f34a7f71d5e8e7f23026dcd8
  RxRelay: d77f7d771495f43c556cbc43eebd1bb54d01e8e9
  RxSwift: 81470a2074fa8780320ea5fe4102807cb7118178
  SDWebImage: 62ae4a18473520c67b79e9724c31a63599cc9423
  SnapKit: 97b92857e3df3a0c71833cce143274bf6ef8e5eb

PODFILE CHECKSUM: bada1fba430c1da060552cb00f20e525387eff94

COCOAPODS: 1.9.3
