// !$*UTF8*$!
{
	archiveVersion = 1;
	classes = {
	};
	objectVersion = 51;
	objects = {

/* Begin PBXBuildFile section */
		0F5F0D7424E50394002BE690 /* AppDelegate.swift in Sources */ = {isa = PBXBuildFile; fileRef = 0F5F0D7324E50394002BE690 /* AppDelegate.swift */; };
		0F5F0D7624E50394002BE690 /* SceneDelegate.swift in Sources */ = {isa = PBXBuildFile; fileRef = 0F5F0D7524E50394002BE690 /* SceneDelegate.swift */; };
		0F5F0D7824E50394002BE690 /* ViewController.swift in Sources */ = {isa = PBXBuildFile; fileRef = 0F5F0D7724E50394002BE690 /* ViewController.swift */; };
		0F5F0D7B24E50394002BE690 /* Main.storyboard in Resources */ = {isa = PBXBuildFile; fileRef = 0F5F0D7924E50394002BE690 /* Main.storyboard */; };
		0F5F0D7D24E50398002BE690 /* Assets.xcassets in Resources */ = {isa = PBXBuildFile; fileRef = 0F5F0D7C24E50398002BE690 /* Assets.xcassets */; };
		0F5F0D8024E50398002BE690 /* LaunchScreen.storyboard in Resources */ = {isa = PBXBuildFile; fileRef = 0F5F0D7E24E50398002BE690 /* LaunchScreen.storyboard */; };
		0F5F0D8B24E50398002BE690 /* YiBaseProductSwiftTests.swift in Sources */ = {isa = PBXBuildFile; fileRef = 0F5F0D8A24E50398002BE690 /* YiBaseProductSwiftTests.swift */; };
		0F5F0D9624E50398002BE690 /* YiBaseProductSwiftUITests.swift in Sources */ = {isa = PBXBuildFile; fileRef = 0F5F0D9524E50398002BE690 /* YiBaseProductSwiftUITests.swift */; };
		0F86C8F424EA62D000685587 /* YAPIProvider.swift in Sources */ = {isa = PBXBuildFile; fileRef = 0F86C8F324EA62D000685587 /* YAPIProvider.swift */; };
		1924F004250B69240007D663 /* YQuantumValue.swift in Sources */ = {isa = PBXBuildFile; fileRef = 1924F003250B69240007D663 /* YQuantumValue.swift */; };
		1924F007250B6D6B0007D663 /* YButton_animational.swift in Sources */ = {isa = PBXBuildFile; fileRef = 1924F006250B6D6B0007D663 /* YButton_animational.swift */; };
		1924F00A250B7AF70007D663 /* Float+Y.swift in Sources */ = {isa = PBXBuildFile; fileRef = 1924F009250B7AF70007D663 /* Float+Y.swift */; };
		1924F00C250B7C090007D663 /* Int+Y.swift in Sources */ = {isa = PBXBuildFile; fileRef = 1924F00B250B7C090007D663 /* Int+Y.swift */; };
		1924F00E250B7CC50007D663 /* Double+Y.swift in Sources */ = {isa = PBXBuildFile; fileRef = 1924F00D250B7CC50007D663 /* Double+Y.swift */; };
		1924F010250B7EB90007D663 /* TimeInterval+Y.swift in Sources */ = {isa = PBXBuildFile; fileRef = 1924F00F250B7EB90007D663 /* TimeInterval+Y.swift */; };
		19417FE6250F3EFF00F6D691 /* CATextLayer_center.swift in Sources */ = {isa = PBXBuildFile; fileRef = 19417FE5250F3EFF00F6D691 /* CATextLayer_center.swift */; };
		19417FE9250F42B200F6D691 /* YLoadDataProtocol.swift in Sources */ = {isa = PBXBuildFile; fileRef = 19417FE8250F42B200F6D691 /* YLoadDataProtocol.swift */; };
		19417FEC250F438600F6D691 /* YSegmentViewFlowLayout.swift in Sources */ = {isa = PBXBuildFile; fileRef = 19417FEB250F438600F6D691 /* YSegmentViewFlowLayout.swift */; };
		19417FEE250F439B00F6D691 /* YSegmentViewStyle.swift in Sources */ = {isa = PBXBuildFile; fileRef = 19417FED250F439B00F6D691 /* YSegmentViewStyle.swift */; };
		19417FF0250F43AF00F6D691 /* YSegmentView.swift in Sources */ = {isa = PBXBuildFile; fileRef = 19417FEF250F43AF00F6D691 /* YSegmentView.swift */; };
		19417FF2250F43BA00F6D691 /* YSegmentViewDelegate.swift in Sources */ = {isa = PBXBuildFile; fileRef = 19417FF1250F43BA00F6D691 /* YSegmentViewDelegate.swift */; };
		19417FF5250F46F900F6D691 /* YCollectionViewLaoutAttributes_backgroundColor.swift in Sources */ = {isa = PBXBuildFile; fileRef = 19417FF4250F46F900F6D691 /* YCollectionViewLaoutAttributes_backgroundColor.swift */; };
		19417FF8250F47A600F6D691 /* YCollectionDecorationView_backgroudColor.swift in Sources */ = {isa = PBXBuildFile; fileRef = 19417FF7250F47A600F6D691 /* YCollectionDecorationView_backgroudColor.swift */; };
		19C36AC224ED1B9E00ED7845 /* UINib+Y.swift in Sources */ = {isa = PBXBuildFile; fileRef = 19C36AC124ED1B9E00ED7845 /* UINib+Y.swift */; };
		19C36AC624ED1D2600ED7845 /* UIColor+Y.swift in Sources */ = {isa = PBXBuildFile; fileRef = 19C36AC524ED1D2600ED7845 /* UIColor+Y.swift */; };
		19C36AC824ED1D6300ED7845 /* CGFloat+Y.swift in Sources */ = {isa = PBXBuildFile; fileRef = 19C36AC724ED1D6300ED7845 /* CGFloat+Y.swift */; };
		19F2CBCB24ECCF2700CA2FCD /* YNetWorkActivityStatusPlugin.swift in Sources */ = {isa = PBXBuildFile; fileRef = 19F2CBCA24ECCF2700CA2FCD /* YNetWorkActivityStatusPlugin.swift */; };
		19F2CBCD24ECCFFF00CA2FCD /* YNetworkActivityScheduler.swift in Sources */ = {isa = PBXBuildFile; fileRef = 19F2CBCC24ECCFFF00CA2FCD /* YNetworkActivityScheduler.swift */; };
		19F2CBCF24ECEC6700CA2FCD /* YNetworkError.swift in Sources */ = {isa = PBXBuildFile; fileRef = 19F2CBCE24ECEC6700CA2FCD /* YNetworkError.swift */; };
		19F2CBD124ECEE3000CA2FCD /* String+YNetwork.swift in Sources */ = {isa = PBXBuildFile; fileRef = 19F2CBD024ECEE3000CA2FCD /* String+YNetwork.swift */; };
		19F2CBD324ECF98C00CA2FCD /* YAPI.swift in Sources */ = {isa = PBXBuildFile; fileRef = 19F2CBD224ECF98C00CA2FCD /* YAPI.swift */; };
		19F2CBD624ECFBA300CA2FCD /* String+Y.swift in Sources */ = {isa = PBXBuildFile; fileRef = 19F2CBD524ECFBA300CA2FCD /* String+Y.swift */; };
		19F2CBD924ED129500CA2FCD /* YRequestInterceptor.swift in Sources */ = {isa = PBXBuildFile; fileRef = 19F2CBD824ED129500CA2FCD /* YRequestInterceptor.swift */; };
		19F2CBDB24ED17FE00CA2FCD /* YNamed.swift in Sources */ = {isa = PBXBuildFile; fileRef = 19F2CBDA24ED17FE00CA2FCD /* YNamed.swift */; };
		19F2CBDF24ED186100CA2FCD /* UIViewController+Y.swift in Sources */ = {isa = PBXBuildFile; fileRef = 19F2CBDE24ED186100CA2FCD /* UIViewController+Y.swift */; };
		19F2CBE124ED189500CA2FCD /* UIView+Y.swift in Sources */ = {isa = PBXBuildFile; fileRef = 19F2CBE024ED189500CA2FCD /* UIView+Y.swift */; };
		8A11D8C210CAC18881E32618 /* Pods_YiBaseProductSwift.framework in Frameworks */ = {isa = PBXBuildFile; fileRef = CB7A480076BDA1C4567BAD5B /* Pods_YiBaseProductSwift.framework */; };
/* End PBXBuildFile section */

/* Begin PBXContainerItemProxy section */
		0F5F0D8724E50398002BE690 /* PBXContainerItemProxy */ = {
			isa = PBXContainerItemProxy;
			containerPortal = 0F5F0D6824E50394002BE690 /* Project object */;
			proxyType = 1;
			remoteGlobalIDString = 0F5F0D6F24E50394002BE690;
			remoteInfo = YiBaseProductSwift;
		};
		0F5F0D9224E50398002BE690 /* PBXContainerItemProxy */ = {
			isa = PBXContainerItemProxy;
			containerPortal = 0F5F0D6824E50394002BE690 /* Project object */;
			proxyType = 1;
			remoteGlobalIDString = 0F5F0D6F24E50394002BE690;
			remoteInfo = YiBaseProductSwift;
		};
/* End PBXContainerItemProxy section */

/* Begin PBXFileReference section */
		0F5F0D7024E50394002BE690 /* YiBaseProductSwift.app */ = {isa = PBXFileReference; explicitFileType = wrapper.application; includeInIndex = 0; path = YiBaseProductSwift.app; sourceTree = BUILT_PRODUCTS_DIR; };
		0F5F0D7324E50394002BE690 /* AppDelegate.swift */ = {isa = PBXFileReference; lastKnownFileType = sourcecode.swift; path = AppDelegate.swift; sourceTree = "<group>"; };
		0F5F0D7524E50394002BE690 /* SceneDelegate.swift */ = {isa = PBXFileReference; lastKnownFileType = sourcecode.swift; path = SceneDelegate.swift; sourceTree = "<group>"; };
		0F5F0D7724E50394002BE690 /* ViewController.swift */ = {isa = PBXFileReference; lastKnownFileType = sourcecode.swift; path = ViewController.swift; sourceTree = "<group>"; };
		0F5F0D7A24E50394002BE690 /* Base */ = {isa = PBXFileReference; lastKnownFileType = file.storyboard; name = Base; path = Base.lproj/Main.storyboard; sourceTree = "<group>"; };
		0F5F0D7C24E50398002BE690 /* Assets.xcassets */ = {isa = PBXFileReference; lastKnownFileType = folder.assetcatalog; path = Assets.xcassets; sourceTree = "<group>"; };
		0F5F0D7F24E50398002BE690 /* Base */ = {isa = PBXFileReference; lastKnownFileType = file.storyboard; name = Base; path = Base.lproj/LaunchScreen.storyboard; sourceTree = "<group>"; };
		0F5F0D8124E50398002BE690 /* Info.plist */ = {isa = PBXFileReference; lastKnownFileType = text.plist.xml; path = Info.plist; sourceTree = "<group>"; };
		0F5F0D8624E50398002BE690 /* YiBaseProductSwiftTests.xctest */ = {isa = PBXFileReference; explicitFileType = wrapper.cfbundle; includeInIndex = 0; path = YiBaseProductSwiftTests.xctest; sourceTree = BUILT_PRODUCTS_DIR; };
		0F5F0D8A24E50398002BE690 /* YiBaseProductSwiftTests.swift */ = {isa = PBXFileReference; lastKnownFileType = sourcecode.swift; path = YiBaseProductSwiftTests.swift; sourceTree = "<group>"; };
		0F5F0D8C24E50398002BE690 /* Info.plist */ = {isa = PBXFileReference; lastKnownFileType = text.plist.xml; path = Info.plist; sourceTree = "<group>"; };
		0F5F0D9124E50398002BE690 /* YiBaseProductSwiftUITests.xctest */ = {isa = PBXFileReference; explicitFileType = wrapper.cfbundle; includeInIndex = 0; path = YiBaseProductSwiftUITests.xctest; sourceTree = BUILT_PRODUCTS_DIR; };
		0F5F0D9524E50398002BE690 /* YiBaseProductSwiftUITests.swift */ = {isa = PBXFileReference; lastKnownFileType = sourcecode.swift; path = YiBaseProductSwiftUITests.swift; sourceTree = "<group>"; };
		0F5F0D9724E50398002BE690 /* Info.plist */ = {isa = PBXFileReference; lastKnownFileType = text.plist.xml; path = Info.plist; sourceTree = "<group>"; };
		0F86C8F324EA62D000685587 /* YAPIProvider.swift */ = {isa = PBXFileReference; lastKnownFileType = sourcecode.swift; path = YAPIProvider.swift; sourceTree = "<group>"; };
		1924F003250B69240007D663 /* YQuantumValue.swift */ = {isa = PBXFileReference; lastKnownFileType = sourcecode.swift; path = YQuantumValue.swift; sourceTree = "<group>"; };
		1924F006250B6D6B0007D663 /* YButton_animational.swift */ = {isa = PBXFileReference; lastKnownFileType = sourcecode.swift; path = YButton_animational.swift; sourceTree = "<group>"; };
		1924F009250B7AF70007D663 /* Float+Y.swift */ = {isa = PBXFileReference; lastKnownFileType = sourcecode.swift; path = "Float+Y.swift"; sourceTree = "<group>"; };
		1924F00B250B7C090007D663 /* Int+Y.swift */ = {isa = PBXFileReference; lastKnownFileType = sourcecode.swift; path = "Int+Y.swift"; sourceTree = "<group>"; };
		1924F00D250B7CC50007D663 /* Double+Y.swift */ = {isa = PBXFileReference; lastKnownFileType = sourcecode.swift; path = "Double+Y.swift"; sourceTree = "<group>"; };
		1924F00F250B7EB90007D663 /* TimeInterval+Y.swift */ = {isa = PBXFileReference; lastKnownFileType = sourcecode.swift; path = "TimeInterval+Y.swift"; sourceTree = "<group>"; };
		19417FE5250F3EFF00F6D691 /* CATextLayer_center.swift */ = {isa = PBXFileReference; lastKnownFileType = sourcecode.swift; path = CATextLayer_center.swift; sourceTree = "<group>"; };
		19417FE8250F42B200F6D691 /* YLoadDataProtocol.swift */ = {isa = PBXFileReference; lastKnownFileType = sourcecode.swift; path = YLoadDataProtocol.swift; sourceTree = "<group>"; };
		19417FEB250F438600F6D691 /* YSegmentViewFlowLayout.swift */ = {isa = PBXFileReference; lastKnownFileType = sourcecode.swift; path = YSegmentViewFlowLayout.swift; sourceTree = "<group>"; };
		19417FED250F439B00F6D691 /* YSegmentViewStyle.swift */ = {isa = PBXFileReference; lastKnownFileType = sourcecode.swift; path = YSegmentViewStyle.swift; sourceTree = "<group>"; };
		19417FEF250F43AF00F6D691 /* YSegmentView.swift */ = {isa = PBXFileReference; lastKnownFileType = sourcecode.swift; path = YSegmentView.swift; sourceTree = "<group>"; };
		19417FF1250F43BA00F6D691 /* YSegmentViewDelegate.swift */ = {isa = PBXFileReference; lastKnownFileType = sourcecode.swift; path = YSegmentViewDelegate.swift; sourceTree = "<group>"; };
		19417FF4250F46F900F6D691 /* YCollectionViewLaoutAttributes_backgroundColor.swift */ = {isa = PBXFileReference; lastKnownFileType = sourcecode.swift; path = YCollectionViewLaoutAttributes_backgroundColor.swift; sourceTree = "<group>"; };
		19417FF7250F47A600F6D691 /* YCollectionDecorationView_backgroudColor.swift */ = {isa = PBXFileReference; lastKnownFileType = sourcecode.swift; path = YCollectionDecorationView_backgroudColor.swift; sourceTree = "<group>"; };
		19C36AC124ED1B9E00ED7845 /* UINib+Y.swift */ = {isa = PBXFileReference; lastKnownFileType = sourcecode.swift; path = "UINib+Y.swift"; sourceTree = "<group>"; };
		19C36AC524ED1D2600ED7845 /* UIColor+Y.swift */ = {isa = PBXFileReference; lastKnownFileType = sourcecode.swift; path = "UIColor+Y.swift"; sourceTree = "<group>"; };
		19C36AC724ED1D6300ED7845 /* CGFloat+Y.swift */ = {isa = PBXFileReference; lastKnownFileType = sourcecode.swift; path = "CGFloat+Y.swift"; sourceTree = "<group>"; };
		19F2CBCA24ECCF2700CA2FCD /* YNetWorkActivityStatusPlugin.swift */ = {isa = PBXFileReference; lastKnownFileType = sourcecode.swift; path = YNetWorkActivityStatusPlugin.swift; sourceTree = "<group>"; };
		19F2CBCC24ECCFFF00CA2FCD /* YNetworkActivityScheduler.swift */ = {isa = PBXFileReference; lastKnownFileType = sourcecode.swift; path = YNetworkActivityScheduler.swift; sourceTree = "<group>"; };
		19F2CBCE24ECEC6700CA2FCD /* YNetworkError.swift */ = {isa = PBXFileReference; lastKnownFileType = sourcecode.swift; path = YNetworkError.swift; sourceTree = "<group>"; };
		19F2CBD024ECEE3000CA2FCD /* String+YNetwork.swift */ = {isa = PBXFileReference; lastKnownFileType = sourcecode.swift; path = "String+YNetwork.swift"; sourceTree = "<group>"; };
		19F2CBD224ECF98C00CA2FCD /* YAPI.swift */ = {isa = PBXFileReference; lastKnownFileType = sourcecode.swift; path = YAPI.swift; sourceTree = "<group>"; };
		19F2CBD524ECFBA300CA2FCD /* String+Y.swift */ = {isa = PBXFileReference; lastKnownFileType = sourcecode.swift; path = "String+Y.swift"; sourceTree = "<group>"; };
		19F2CBD824ED129500CA2FCD /* YRequestInterceptor.swift */ = {isa = PBXFileReference; lastKnownFileType = sourcecode.swift; path = YRequestInterceptor.swift; sourceTree = "<group>"; };
		19F2CBDA24ED17FE00CA2FCD /* YNamed.swift */ = {isa = PBXFileReference; lastKnownFileType = sourcecode.swift; path = YNamed.swift; sourceTree = "<group>"; };
		19F2CBDE24ED186100CA2FCD /* UIViewController+Y.swift */ = {isa = PBXFileReference; lastKnownFileType = sourcecode.swift; path = "UIViewController+Y.swift"; sourceTree = "<group>"; };
		19F2CBE024ED189500CA2FCD /* UIView+Y.swift */ = {isa = PBXFileReference; lastKnownFileType = sourcecode.swift; path = "UIView+Y.swift"; sourceTree = "<group>"; };
		2BED10B161B90B30EA6623E3 /* Pods-YiBaseProductSwift.release.xcconfig */ = {isa = PBXFileReference; includeInIndex = 1; lastKnownFileType = text.xcconfig; name = "Pods-YiBaseProductSwift.release.xcconfig"; path = "Target Support Files/Pods-YiBaseProductSwift/Pods-YiBaseProductSwift.release.xcconfig"; sourceTree = "<group>"; };
		BB624079D01AB9FABDC48D7F /* Pods-YiBaseProductSwift.debug.xcconfig */ = {isa = PBXFileReference; includeInIndex = 1; lastKnownFileType = text.xcconfig; name = "Pods-YiBaseProductSwift.debug.xcconfig"; path = "Target Support Files/Pods-YiBaseProductSwift/Pods-YiBaseProductSwift.debug.xcconfig"; sourceTree = "<group>"; };
		CB7A480076BDA1C4567BAD5B /* Pods_YiBaseProductSwift.framework */ = {isa = PBXFileReference; explicitFileType = wrapper.framework; includeInIndex = 0; path = Pods_YiBaseProductSwift.framework; sourceTree = BUILT_PRODUCTS_DIR; };
/* End PBXFileReference section */

/* Begin PBXFrameworksBuildPhase section */
		0F5F0D6D24E50394002BE690 /* Frameworks */ = {
			isa = PBXFrameworksBuildPhase;
			buildActionMask = 2147483647;
			files = (
				8A11D8C210CAC18881E32618 /* Pods_YiBaseProductSwift.framework in Frameworks */,
			);
			runOnlyForDeploymentPostprocessing = 0;
		};
		0F5F0D8324E50398002BE690 /* Frameworks */ = {
			isa = PBXFrameworksBuildPhase;
			buildActionMask = 2147483647;
			files = (
			);
			runOnlyForDeploymentPostprocessing = 0;
		};
		0F5F0D8E24E50398002BE690 /* Frameworks */ = {
			isa = PBXFrameworksBuildPhase;
			buildActionMask = 2147483647;
			files = (
			);
			runOnlyForDeploymentPostprocessing = 0;
		};
/* End PBXFrameworksBuildPhase section */

/* Begin PBXGroup section */
		0F5F0D6724E50394002BE690 = {
			isa = PBXGroup;
			children = (
				0F5F0D7224E50394002BE690 /* YiBaseProductSwift */,
				0F5F0D8924E50398002BE690 /* YiBaseProductSwiftTests */,
				0F5F0D9424E50398002BE690 /* YiBaseProductSwiftUITests */,
				0F5F0D7124E50394002BE690 /* Products */,
				28EF3044229569AF8F16707F /* Pods */,
				84A327439A2E41B57A754D13 /* Frameworks */,
			);
			sourceTree = "<group>";
		};
		0F5F0D7124E50394002BE690 /* Products */ = {
			isa = PBXGroup;
			children = (
				0F5F0D7024E50394002BE690 /* YiBaseProductSwift.app */,
				0F5F0D8624E50398002BE690 /* YiBaseProductSwiftTests.xctest */,
				0F5F0D9124E50398002BE690 /* YiBaseProductSwiftUITests.xctest */,
			);
			name = Products;
			sourceTree = "<group>";
		};
		0F5F0D7224E50394002BE690 /* YiBaseProductSwift */ = {
			isa = PBXGroup;
			children = (
				1924F001250B68ED0007D663 /* Component */,
				19F2CBD424ECFB9500CA2FCD /* Extesion */,
				0F86C8F224EA5DC800685587 /* NetworkLayer */,
				0F5F0D7324E50394002BE690 /* AppDelegate.swift */,
				0F5F0D7524E50394002BE690 /* SceneDelegate.swift */,
				0F5F0D7724E50394002BE690 /* ViewController.swift */,
				0F5F0D7924E50394002BE690 /* Main.storyboard */,
				0F5F0D7C24E50398002BE690 /* Assets.xcassets */,
				0F5F0D7E24E50398002BE690 /* LaunchScreen.storyboard */,
				0F5F0D8124E50398002BE690 /* Info.plist */,
			);
			path = YiBaseProductSwift;
			sourceTree = "<group>";
		};
		0F5F0D8924E50398002BE690 /* YiBaseProductSwiftTests */ = {
			isa = PBXGroup;
			children = (
				0F5F0D8A24E50398002BE690 /* YiBaseProductSwiftTests.swift */,
				0F5F0D8C24E50398002BE690 /* Info.plist */,
			);
			path = YiBaseProductSwiftTests;
			sourceTree = "<group>";
		};
		0F5F0D9424E50398002BE690 /* YiBaseProductSwiftUITests */ = {
			isa = PBXGroup;
			children = (
				0F5F0D9524E50398002BE690 /* YiBaseProductSwiftUITests.swift */,
				0F5F0D9724E50398002BE690 /* Info.plist */,
			);
			path = YiBaseProductSwiftUITests;
			sourceTree = "<group>";
		};
		0F86C8F224EA5DC800685587 /* NetworkLayer */ = {
			isa = PBXGroup;
			children = (
				19F2CBD024ECEE3000CA2FCD /* String+YNetwork.swift */,
				19F2CBD224ECF98C00CA2FCD /* YAPI.swift */,
				0F86C8F324EA62D000685587 /* YAPIProvider.swift */,
				19F2CBCC24ECCFFF00CA2FCD /* YNetworkActivityScheduler.swift */,
				19F2CBCA24ECCF2700CA2FCD /* YNetWorkActivityStatusPlugin.swift */,
				19F2CBCE24ECEC6700CA2FCD /* YNetworkError.swift */,
				19F2CBD824ED129500CA2FCD /* YRequestInterceptor.swift */,
			);
			path = NetworkLayer;
			sourceTree = "<group>";
		};
		1924F001250B68ED0007D663 /* Component */ = {
			isa = PBXGroup;
			children = (
				19417FF9250F49E700F6D691 /* Protocol */,
				19417FF6250F475200F6D691 /* UICollectionViewReusableView */,
				19417FF3250F469300F6D691 /* UICollectionViewLaoutAttributes */,
				19417FEA250F435C00F6D691 /* SegmentView */,
				19417FE4250F3EBC00F6D691 /* CATextLayer */,
				1924F005250B6CE60007D663 /* UIButton */,
				1924F002250B68FD0007D663 /* QuantumValue */,
			);
			path = Component;
			sourceTree = "<group>";
		};
		1924F002250B68FD0007D663 /* QuantumValue */ = {
			isa = PBXGroup;
			children = (
				1924F003250B69240007D663 /* YQuantumValue.swift */,
			);
			path = QuantumValue;
			sourceTree = "<group>";
		};
		1924F005250B6CE60007D663 /* UIButton */ = {
			isa = PBXGroup;
			children = (
				1924F006250B6D6B0007D663 /* YButton_animational.swift */,
			);
			path = UIButton;
			sourceTree = "<group>";
		};
		19417FE4250F3EBC00F6D691 /* CATextLayer */ = {
			isa = PBXGroup;
			children = (
				19417FE5250F3EFF00F6D691 /* CATextLayer_center.swift */,
			);
			path = CATextLayer;
			sourceTree = "<group>";
		};
		19417FEA250F435C00F6D691 /* SegmentView */ = {
			isa = PBXGroup;
			children = (
				19417FEB250F438600F6D691 /* YSegmentViewFlowLayout.swift */,
				19417FED250F439B00F6D691 /* YSegmentViewStyle.swift */,
				19417FEF250F43AF00F6D691 /* YSegmentView.swift */,
				19417FF1250F43BA00F6D691 /* YSegmentViewDelegate.swift */,
			);
			path = SegmentView;
			sourceTree = "<group>";
		};
		19417FF3250F469300F6D691 /* UICollectionViewLaoutAttributes */ = {
			isa = PBXGroup;
			children = (
				19417FF4250F46F900F6D691 /* YCollectionViewLaoutAttributes_backgroundColor.swift */,
			);
			path = UICollectionViewLaoutAttributes;
			sourceTree = "<group>";
		};
		19417FF6250F475200F6D691 /* UICollectionViewReusableView */ = {
			isa = PBXGroup;
			children = (
				19417FF7250F47A600F6D691 /* YCollectionDecorationView_backgroudColor.swift */,
			);
			path = UICollectionViewReusableView;
			sourceTree = "<group>";
		};
		19417FF9250F49E700F6D691 /* Protocol */ = {
			isa = PBXGroup;
			children = (
				19417FE8250F42B200F6D691 /* YLoadDataProtocol.swift */,
				19F2CBDA24ED17FE00CA2FCD /* YNamed.swift */,
			);
			path = Protocol;
			sourceTree = "<group>";
		};
		19C36AC324ED1BA400ED7845 /* UINib */ = {
			isa = PBXGroup;
			children = (
				19C36AC124ED1B9E00ED7845 /* UINib+Y.swift */,
			);
			path = UINib;
			sourceTree = "<group>";
		};
		19C36AC424ED1D1700ED7845 /* UIColor */ = {
			isa = PBXGroup;
			children = (
				19C36AC524ED1D2600ED7845 /* UIColor+Y.swift */,
			);
			path = UIColor;
			sourceTree = "<group>";
		};
		19F2CBD424ECFB9500CA2FCD /* Extesion */ = {
			isa = PBXGroup;
			children = (
				19F2CBDD24ED184800CA2FCD /* UIKit */,
				19F2CBDC24ED183B00CA2FCD /* Foundation */,
			);
			path = Extesion;
			sourceTree = "<group>";
		};
		19F2CBDC24ED183B00CA2FCD /* Foundation */ = {
			isa = PBXGroup;
			children = (
				19F2CBD524ECFBA300CA2FCD /* String+Y.swift */,
				19C36AC724ED1D6300ED7845 /* CGFloat+Y.swift */,
				1924F009250B7AF70007D663 /* Float+Y.swift */,
				1924F00B250B7C090007D663 /* Int+Y.swift */,
				1924F00D250B7CC50007D663 /* Double+Y.swift */,
				1924F00F250B7EB90007D663 /* TimeInterval+Y.swift */,
			);
			path = Foundation;
			sourceTree = "<group>";
		};
		19F2CBDD24ED184800CA2FCD /* UIKit */ = {
			isa = PBXGroup;
			children = (
				19C36AC424ED1D1700ED7845 /* UIColor */,
				19C36AC324ED1BA400ED7845 /* UINib */,
				19F2CBE324ED18AB00CA2FCD /* UIView */,
				19F2CBE224ED189F00CA2FCD /* UIViewController */,
			);
			path = UIKit;
			sourceTree = "<group>";
		};
		19F2CBE224ED189F00CA2FCD /* UIViewController */ = {
			isa = PBXGroup;
			children = (
				19F2CBDE24ED186100CA2FCD /* UIViewController+Y.swift */,
			);
			path = UIViewController;
			sourceTree = "<group>";
		};
		19F2CBE324ED18AB00CA2FCD /* UIView */ = {
			isa = PBXGroup;
			children = (
				19F2CBE024ED189500CA2FCD /* UIView+Y.swift */,
			);
			path = UIView;
			sourceTree = "<group>";
		};
		28EF3044229569AF8F16707F /* Pods */ = {
			isa = PBXGroup;
			children = (
				BB624079D01AB9FABDC48D7F /* Pods-YiBaseProductSwift.debug.xcconfig */,
				2BED10B161B90B30EA6623E3 /* Pods-YiBaseProductSwift.release.xcconfig */,
			);
			path = Pods;
			sourceTree = "<group>";
		};
		84A327439A2E41B57A754D13 /* Frameworks */ = {
			isa = PBXGroup;
			children = (
				CB7A480076BDA1C4567BAD5B /* Pods_YiBaseProductSwift.framework */,
			);
			name = Frameworks;
			sourceTree = "<group>";
		};
/* End PBXGroup section */

/* Begin PBXNativeTarget section */
		0F5F0D6F24E50394002BE690 /* YiBaseProductSwift */ = {
			isa = PBXNativeTarget;
			buildConfigurationList = 0F5F0D9A24E50398002BE690 /* Build configuration list for PBXNativeTarget "YiBaseProductSwift" */;
			buildPhases = (
				78546D48AEB96295929D6289 /* [CP] Check Pods Manifest.lock */,
				0F5F0D6C24E50394002BE690 /* Sources */,
				0F5F0D6D24E50394002BE690 /* Frameworks */,
				0F5F0D6E24E50394002BE690 /* Resources */,
				692892B6512E9F87382103E8 /* [CP] Embed Pods Frameworks */,
			);
			buildRules = (
			);
			dependencies = (
			);
			name = YiBaseProductSwift;
			productName = YiBaseProductSwift;
			productReference = 0F5F0D7024E50394002BE690 /* YiBaseProductSwift.app */;
			productType = "com.apple.product-type.application";
		};
		0F5F0D8524E50398002BE690 /* YiBaseProductSwiftTests */ = {
			isa = PBXNativeTarget;
			buildConfigurationList = 0F5F0D9D24E50398002BE690 /* Build configuration list for PBXNativeTarget "YiBaseProductSwiftTests" */;
			buildPhases = (
				0F5F0D8224E50398002BE690 /* Sources */,
				0F5F0D8324E50398002BE690 /* Frameworks */,
				0F5F0D8424E50398002BE690 /* Resources */,
			);
			buildRules = (
			);
			dependencies = (
				0F5F0D8824E50398002BE690 /* PBXTargetDependency */,
			);
			name = YiBaseProductSwiftTests;
			productName = YiBaseProductSwiftTests;
			productReference = 0F5F0D8624E50398002BE690 /* YiBaseProductSwiftTests.xctest */;
			productType = "com.apple.product-type.bundle.unit-test";
		};
		0F5F0D9024E50398002BE690 /* YiBaseProductSwiftUITests */ = {
			isa = PBXNativeTarget;
			buildConfigurationList = 0F5F0DA024E50398002BE690 /* Build configuration list for PBXNativeTarget "YiBaseProductSwiftUITests" */;
			buildPhases = (
				0F5F0D8D24E50398002BE690 /* Sources */,
				0F5F0D8E24E50398002BE690 /* Frameworks */,
				0F5F0D8F24E50398002BE690 /* Resources */,
			);
			buildRules = (
			);
			dependencies = (
				0F5F0D9324E50398002BE690 /* PBXTargetDependency */,
			);
			name = YiBaseProductSwiftUITests;
			productName = YiBaseProductSwiftUITests;
			productReference = 0F5F0D9124E50398002BE690 /* YiBaseProductSwiftUITests.xctest */;
			productType = "com.apple.product-type.bundle.ui-testing";
		};
/* End PBXNativeTarget section */

/* Begin PBXProject section */
		0F5F0D6824E50394002BE690 /* Project object */ = {
			isa = PBXProject;
			attributes = {
				LastSwiftUpdateCheck = 1150;
				LastUpgradeCheck = 1150;
				ORGANIZATIONNAME = "任斌";
				TargetAttributes = {
					0F5F0D6F24E50394002BE690 = {
						CreatedOnToolsVersion = 11.5;
					};
					0F5F0D8524E50398002BE690 = {
						CreatedOnToolsVersion = 11.5;
						TestTargetID = 0F5F0D6F24E50394002BE690;
					};
					0F5F0D9024E50398002BE690 = {
						CreatedOnToolsVersion = 11.5;
						TestTargetID = 0F5F0D6F24E50394002BE690;
					};
				};
			};
			buildConfigurationList = 0F5F0D6B24E50394002BE690 /* Build configuration list for PBXProject "YiBaseProductSwift" */;
			compatibilityVersion = "Xcode 9.3";
			developmentRegion = en;
			hasScannedForEncodings = 0;
			knownRegions = (
				en,
				Base,
			);
			mainGroup = 0F5F0D6724E50394002BE690;
			productRefGroup = 0F5F0D7124E50394002BE690 /* Products */;
			projectDirPath = "";
			projectRoot = "";
			targets = (
				0F5F0D6F24E50394002BE690 /* YiBaseProductSwift */,
				0F5F0D8524E50398002BE690 /* YiBaseProductSwiftTests */,
				0F5F0D9024E50398002BE690 /* YiBaseProductSwiftUITests */,
			);
		};
/* End PBXProject section */

/* Begin PBXResourcesBuildPhase section */
		0F5F0D6E24E50394002BE690 /* Resources */ = {
			isa = PBXResourcesBuildPhase;
			buildActionMask = 2147483647;
			files = (
				0F5F0D8024E50398002BE690 /* LaunchScreen.storyboard in Resources */,
				0F5F0D7D24E50398002BE690 /* Assets.xcassets in Resources */,
				0F5F0D7B24E50394002BE690 /* Main.storyboard in Resources */,
			);
			runOnlyForDeploymentPostprocessing = 0;
		};
		0F5F0D8424E50398002BE690 /* Resources */ = {
			isa = PBXResourcesBuildPhase;
			buildActionMask = 2147483647;
			files = (
			);
			runOnlyForDeploymentPostprocessing = 0;
		};
		0F5F0D8F24E50398002BE690 /* Resources */ = {
			isa = PBXResourcesBuildPhase;
			buildActionMask = 2147483647;
			files = (
			);
			runOnlyForDeploymentPostprocessing = 0;
		};
/* End PBXResourcesBuildPhase section */

/* Begin PBXShellScriptBuildPhase section */
		692892B6512E9F87382103E8 /* [CP] Embed Pods Frameworks */ = {
			isa = PBXShellScriptBuildPhase;
			buildActionMask = 2147483647;
			files = (
			);
			inputFileListPaths = (
				"${PODS_ROOT}/Target Support Files/Pods-YiBaseProductSwift/Pods-YiBaseProductSwift-frameworks-${CONFIGURATION}-input-files.xcfilelist",
			);
			name = "[CP] Embed Pods Frameworks";
			outputFileListPaths = (
				"${PODS_ROOT}/Target Support Files/Pods-YiBaseProductSwift/Pods-YiBaseProductSwift-frameworks-${CONFIGURATION}-output-files.xcfilelist",
			);
			runOnlyForDeploymentPostprocessing = 0;
			shellPath = /bin/sh;
			shellScript = "\"${PODS_ROOT}/Target Support Files/Pods-YiBaseProductSwift/Pods-YiBaseProductSwift-frameworks.sh\"\n";
			showEnvVarsInLog = 0;
		};
		78546D48AEB96295929D6289 /* [CP] Check Pods Manifest.lock */ = {
			isa = PBXShellScriptBuildPhase;
			buildActionMask = 2147483647;
			files = (
			);
			inputFileListPaths = (
			);
			inputPaths = (
				"${PODS_PODFILE_DIR_PATH}/Podfile.lock",
				"${PODS_ROOT}/Manifest.lock",
			);
			name = "[CP] Check Pods Manifest.lock";
			outputFileListPaths = (
			);
			outputPaths = (
				"$(DERIVED_FILE_DIR)/Pods-YiBaseProductSwift-checkManifestLockResult.txt",
			);
			runOnlyForDeploymentPostprocessing = 0;
			shellPath = /bin/sh;
			shellScript = "diff \"${PODS_PODFILE_DIR_PATH}/Podfile.lock\" \"${PODS_ROOT}/Manifest.lock\" > /dev/null\nif [ $? != 0 ] ; then\n    # print error to STDERR\n    echo \"error: The sandbox is not in sync with the Podfile.lock. Run 'pod install' or update your CocoaPods installation.\" >&2\n    exit 1\nfi\n# This output is used by Xcode 'outputs' to avoid re-running this script phase.\necho \"SUCCESS\" > \"${SCRIPT_OUTPUT_FILE_0}\"\n";
			showEnvVarsInLog = 0;
		};
/* End PBXShellScriptBuildPhase section */

/* Begin PBXSourcesBuildPhase section */
		0F5F0D6C24E50394002BE690 /* Sources */ = {
			isa = PBXSourcesBuildPhase;
			buildActionMask = 2147483647;
			files = (
				19417FEC250F438600F6D691 /* YSegmentViewFlowLayout.swift in Sources */,
				0F5F0D7824E50394002BE690 /* ViewController.swift in Sources */,
				19F2CBDF24ED186100CA2FCD /* UIViewController+Y.swift in Sources */,
				19417FF5250F46F900F6D691 /* YCollectionViewLaoutAttributes_backgroundColor.swift in Sources */,
				0F86C8F424EA62D000685587 /* YAPIProvider.swift in Sources */,
				1924F007250B6D6B0007D663 /* YButton_animational.swift in Sources */,
				1924F010250B7EB90007D663 /* TimeInterval+Y.swift in Sources */,
				19F2CBD924ED129500CA2FCD /* YRequestInterceptor.swift in Sources */,
				19F2CBCF24ECEC6700CA2FCD /* YNetworkError.swift in Sources */,
				19F2CBD324ECF98C00CA2FCD /* YAPI.swift in Sources */,
				19F2CBD124ECEE3000CA2FCD /* String+YNetwork.swift in Sources */,
				19417FE6250F3EFF00F6D691 /* CATextLayer_center.swift in Sources */,
				19417FF0250F43AF00F6D691 /* YSegmentView.swift in Sources */,
				19C36AC224ED1B9E00ED7845 /* UINib+Y.swift in Sources */,
				1924F00C250B7C090007D663 /* Int+Y.swift in Sources */,
				0F5F0D7424E50394002BE690 /* AppDelegate.swift in Sources */,
				1924F00A250B7AF70007D663 /* Float+Y.swift in Sources */,
				19F2CBE124ED189500CA2FCD /* UIView+Y.swift in Sources */,
				19417FF2250F43BA00F6D691 /* YSegmentViewDelegate.swift in Sources */,
				0F5F0D7624E50394002BE690 /* SceneDelegate.swift in Sources */,
				19417FF8250F47A600F6D691 /* YCollectionDecorationView_backgroudColor.swift in Sources */,
				19417FE9250F42B200F6D691 /* YLoadDataProtocol.swift in Sources */,
				1924F00E250B7CC50007D663 /* Double+Y.swift in Sources */,
				1924F004250B69240007D663 /* YQuantumValue.swift in Sources */,
				19C36AC624ED1D2600ED7845 /* UIColor+Y.swift in Sources */,
				19417FEE250F439B00F6D691 /* YSegmentViewStyle.swift in Sources */,
				19F2CBCB24ECCF2700CA2FCD /* YNetWorkActivityStatusPlugin.swift in Sources */,
				19F2CBDB24ED17FE00CA2FCD /* YNamed.swift in Sources */,
				19C36AC824ED1D6300ED7845 /* CGFloat+Y.swift in Sources */,
				19F2CBD624ECFBA300CA2FCD /* String+Y.swift in Sources */,
				19F2CBCD24ECCFFF00CA2FCD /* YNetworkActivityScheduler.swift in Sources */,
			);
			runOnlyForDeploymentPostprocessing = 0;
		};
		0F5F0D8224E50398002BE690 /* Sources */ = {
			isa = PBXSourcesBuildPhase;
			buildActionMask = 2147483647;
			files = (
				0F5F0D8B24E50398002BE690 /* YiBaseProductSwiftTests.swift in Sources */,
			);
			runOnlyForDeploymentPostprocessing = 0;
		};
		0F5F0D8D24E50398002BE690 /* Sources */ = {
			isa = PBXSourcesBuildPhase;
			buildActionMask = 2147483647;
			files = (
				0F5F0D9624E50398002BE690 /* YiBaseProductSwiftUITests.swift in Sources */,
			);
			runOnlyForDeploymentPostprocessing = 0;
		};
/* End PBXSourcesBuildPhase section */

/* Begin PBXTargetDependency section */
		0F5F0D8824E50398002BE690 /* PBXTargetDependency */ = {
			isa = PBXTargetDependency;
			target = 0F5F0D6F24E50394002BE690 /* YiBaseProductSwift */;
			targetProxy = 0F5F0D8724E50398002BE690 /* PBXContainerItemProxy */;
		};
		0F5F0D9324E50398002BE690 /* PBXTargetDependency */ = {
			isa = PBXTargetDependency;
			target = 0F5F0D6F24E50394002BE690 /* YiBaseProductSwift */;
			targetProxy = 0F5F0D9224E50398002BE690 /* PBXContainerItemProxy */;
		};
/* End PBXTargetDependency section */

/* Begin PBXVariantGroup section */
		0F5F0D7924E50394002BE690 /* Main.storyboard */ = {
			isa = PBXVariantGroup;
			children = (
				0F5F0D7A24E50394002BE690 /* Base */,
			);
			name = Main.storyboard;
			sourceTree = "<group>";
		};
		0F5F0D7E24E50398002BE690 /* LaunchScreen.storyboard */ = {
			isa = PBXVariantGroup;
			children = (
				0F5F0D7F24E50398002BE690 /* Base */,
			);
			name = LaunchScreen.storyboard;
			sourceTree = "<group>";
		};
/* End PBXVariantGroup section */

/* Begin XCBuildConfiguration section */
		0F5F0D9824E50398002BE690 /* Debug */ = {
			isa = XCBuildConfiguration;
			buildSettings = {
				ALWAYS_SEARCH_USER_PATHS = NO;
				CLANG_ANALYZER_NONNULL = YES;
				CLANG_ANALYZER_NUMBER_OBJECT_CONVERSION = YES_AGGRESSIVE;
				CLANG_CXX_LANGUAGE_STANDARD = "gnu++14";
				CLANG_CXX_LIBRARY = "libc++";
				CLANG_ENABLE_MODULES = YES;
				CLANG_ENABLE_OBJC_ARC = YES;
				CLANG_ENABLE_OBJC_WEAK = YES;
				CLANG_WARN_BLOCK_CAPTURE_AUTORELEASING = YES;
				CLANG_WARN_BOOL_CONVERSION = YES;
				CLANG_WARN_COMMA = YES;
				CLANG_WARN_CONSTANT_CONVERSION = YES;
				CLANG_WARN_DEPRECATED_OBJC_IMPLEMENTATIONS = YES;
				CLANG_WARN_DIRECT_OBJC_ISA_USAGE = YES_ERROR;
				CLANG_WARN_DOCUMENTATION_COMMENTS = YES;
				CLANG_WARN_EMPTY_BODY = YES;
				CLANG_WARN_ENUM_CONVERSION = YES;
				CLANG_WARN_INFINITE_RECURSION = YES;
				CLANG_WARN_INT_CONVERSION = YES;
				CLANG_WARN_NON_LITERAL_NULL_CONVERSION = YES;
				CLANG_WARN_OBJC_IMPLICIT_RETAIN_SELF = YES;
				CLANG_WARN_OBJC_LITERAL_CONVERSION = YES;
				CLANG_WARN_OBJC_ROOT_CLASS = YES_ERROR;
				CLANG_WARN_RANGE_LOOP_ANALYSIS = YES;
				CLANG_WARN_STRICT_PROTOTYPES = YES;
				CLANG_WARN_SUSPICIOUS_MOVE = YES;
				CLANG_WARN_UNGUARDED_AVAILABILITY = YES_AGGRESSIVE;
				CLANG_WARN_UNREACHABLE_CODE = YES;
				CLANG_WARN__DUPLICATE_METHOD_MATCH = YES;
				COPY_PHASE_STRIP = NO;
				DEBUG_INFORMATION_FORMAT = dwarf;
				ENABLE_STRICT_OBJC_MSGSEND = YES;
				ENABLE_TESTABILITY = YES;
				GCC_C_LANGUAGE_STANDARD = gnu11;
				GCC_DYNAMIC_NO_PIC = NO;
				GCC_NO_COMMON_BLOCKS = YES;
				GCC_OPTIMIZATION_LEVEL = 0;
				GCC_PREPROCESSOR_DEFINITIONS = (
					"DEBUG=1",
					"$(inherited)",
				);
				GCC_WARN_64_TO_32_BIT_CONVERSION = YES;
				GCC_WARN_ABOUT_RETURN_TYPE = YES_ERROR;
				GCC_WARN_UNDECLARED_SELECTOR = YES;
				GCC_WARN_UNINITIALIZED_AUTOS = YES_AGGRESSIVE;
				GCC_WARN_UNUSED_FUNCTION = YES;
				GCC_WARN_UNUSED_VARIABLE = YES;
				IPHONEOS_DEPLOYMENT_TARGET = 13.0;
				MTL_ENABLE_DEBUG_INFO = INCLUDE_SOURCE;
				MTL_FAST_MATH = YES;
				ONLY_ACTIVE_ARCH = YES;
				SDKROOT = iphoneos;
				SWIFT_ACTIVE_COMPILATION_CONDITIONS = DEBUG;
				SWIFT_OPTIMIZATION_LEVEL = "-Onone";
			};
			name = Debug;
		};
		0F5F0D9924E50398002BE690 /* Release */ = {
			isa = XCBuildConfiguration;
			buildSettings = {
				ALWAYS_SEARCH_USER_PATHS = NO;
				CLANG_ANALYZER_NONNULL = YES;
				CLANG_ANALYZER_NUMBER_OBJECT_CONVERSION = YES_AGGRESSIVE;
				CLANG_CXX_LANGUAGE_STANDARD = "gnu++14";
				CLANG_CXX_LIBRARY = "libc++";
				CLANG_ENABLE_MODULES = YES;
				CLANG_ENABLE_OBJC_ARC = YES;
				CLANG_ENABLE_OBJC_WEAK = YES;
				CLANG_WARN_BLOCK_CAPTURE_AUTORELEASING = YES;
				CLANG_WARN_BOOL_CONVERSION = YES;
				CLANG_WARN_COMMA = YES;
				CLANG_WARN_CONSTANT_CONVERSION = YES;
				CLANG_WARN_DEPRECATED_OBJC_IMPLEMENTATIONS = YES;
				CLANG_WARN_DIRECT_OBJC_ISA_USAGE = YES_ERROR;
				CLANG_WARN_DOCUMENTATION_COMMENTS = YES;
				CLANG_WARN_EMPTY_BODY = YES;
				CLANG_WARN_ENUM_CONVERSION = YES;
				CLANG_WARN_INFINITE_RECURSION = YES;
				CLANG_WARN_INT_CONVERSION = YES;
				CLANG_WARN_NON_LITERAL_NULL_CONVERSION = YES;
				CLANG_WARN_OBJC_IMPLICIT_RETAIN_SELF = YES;
				CLANG_WARN_OBJC_LITERAL_CONVERSION = YES;
				CLANG_WARN_OBJC_ROOT_CLASS = YES_ERROR;
				CLANG_WARN_RANGE_LOOP_ANALYSIS = YES;
				CLANG_WARN_STRICT_PROTOTYPES = YES;
				CLANG_WARN_SUSPICIOUS_MOVE = YES;
				CLANG_WARN_UNGUARDED_AVAILABILITY = YES_AGGRESSIVE;
				CLANG_WARN_UNREACHABLE_CODE = YES;
				CLANG_WARN__DUPLICATE_METHOD_MATCH = YES;
				COPY_PHASE_STRIP = NO;
				DEBUG_INFORMATION_FORMAT = "dwarf-with-dsym";
				ENABLE_NS_ASSERTIONS = NO;
				ENABLE_STRICT_OBJC_MSGSEND = YES;
				GCC_C_LANGUAGE_STANDARD = gnu11;
				GCC_NO_COMMON_BLOCKS = YES;
				GCC_WARN_64_TO_32_BIT_CONVERSION = YES;
				GCC_WARN_ABOUT_RETURN_TYPE = YES_ERROR;
				GCC_WARN_UNDECLARED_SELECTOR = YES;
				GCC_WARN_UNINITIALIZED_AUTOS = YES_AGGRESSIVE;
				GCC_WARN_UNUSED_FUNCTION = YES;
				GCC_WARN_UNUSED_VARIABLE = YES;
				IPHONEOS_DEPLOYMENT_TARGET = 13.0;
				MTL_ENABLE_DEBUG_INFO = NO;
				MTL_FAST_MATH = YES;
				SDKROOT = iphoneos;
				SWIFT_COMPILATION_MODE = wholemodule;
				SWIFT_OPTIMIZATION_LEVEL = "-O";
				VALIDATE_PRODUCT = YES;
			};
			name = Release;
		};
		0F5F0D9B24E50398002BE690 /* Debug */ = {
			isa = XCBuildConfiguration;
			baseConfigurationReference = BB624079D01AB9FABDC48D7F /* Pods-YiBaseProductSwift.debug.xcconfig */;
			buildSettings = {
				ASSETCATALOG_COMPILER_APPICON_NAME = AppIcon;
				CODE_SIGN_STYLE = Automatic;
				DEVELOPMENT_TEAM = 232SMV5CPW;
				INFOPLIST_FILE = YiBaseProductSwift/Info.plist;
				LD_RUNPATH_SEARCH_PATHS = (
					"$(inherited)",
					"@executable_path/Frameworks",
				);
				PRODUCT_BUNDLE_IDENTIFIER = yi.YiBaseProductSwift;
				PRODUCT_NAME = "$(TARGET_NAME)";
				SWIFT_VERSION = 5.0;
				TARGETED_DEVICE_FAMILY = "1,2";
			};
			name = Debug;
		};
		0F5F0D9C24E50398002BE690 /* Release */ = {
			isa = XCBuildConfiguration;
			baseConfigurationReference = 2BED10B161B90B30EA6623E3 /* Pods-YiBaseProductSwift.release.xcconfig */;
			buildSettings = {
				ASSETCATALOG_COMPILER_APPICON_NAME = AppIcon;
				CODE_SIGN_STYLE = Automatic;
				DEVELOPMENT_TEAM = 232SMV5CPW;
				INFOPLIST_FILE = YiBaseProductSwift/Info.plist;
				LD_RUNPATH_SEARCH_PATHS = (
					"$(inherited)",
					"@executable_path/Frameworks",
				);
				PRODUCT_BUNDLE_IDENTIFIER = yi.YiBaseProductSwift;
				PRODUCT_NAME = "$(TARGET_NAME)";
				SWIFT_VERSION = 5.0;
				TARGETED_DEVICE_FAMILY = "1,2";
			};
			name = Release;
		};
		0F5F0D9E24E50398002BE690 /* Debug */ = {
			isa = XCBuildConfiguration;
			buildSettings = {
				ALWAYS_EMBED_SWIFT_STANDARD_LIBRARIES = YES;
				BUNDLE_LOADER = "$(TEST_HOST)";
				CODE_SIGN_STYLE = Automatic;
				DEVELOPMENT_TEAM = 232SMV5CPW;
				INFOPLIST_FILE = YiBaseProductSwiftTests/Info.plist;
				IPHONEOS_DEPLOYMENT_TARGET = 13.5;
				LD_RUNPATH_SEARCH_PATHS = (
					"$(inherited)",
					"@executable_path/Frameworks",
					"@loader_path/Frameworks",
				);
				PRODUCT_BUNDLE_IDENTIFIER = yi.YiBaseProductSwiftTests;
				PRODUCT_NAME = "$(TARGET_NAME)";
				SWIFT_VERSION = 5.0;
				TARGETED_DEVICE_FAMILY = "1,2";
				TEST_HOST = "$(BUILT_PRODUCTS_DIR)/YiBaseProductSwift.app/YiBaseProductSwift";
			};
			name = Debug;
		};
		0F5F0D9F24E50398002BE690 /* Release */ = {
			isa = XCBuildConfiguration;
			buildSettings = {
				ALWAYS_EMBED_SWIFT_STANDARD_LIBRARIES = YES;
				BUNDLE_LOADER = "$(TEST_HOST)";
				CODE_SIGN_STYLE = Automatic;
				DEVELOPMENT_TEAM = 232SMV5CPW;
				INFOPLIST_FILE = YiBaseProductSwiftTests/Info.plist;
				IPHONEOS_DEPLOYMENT_TARGET = 13.5;
				LD_RUNPATH_SEARCH_PATHS = (
					"$(inherited)",
					"@executable_path/Frameworks",
					"@loader_path/Frameworks",
				);
				PRODUCT_BUNDLE_IDENTIFIER = yi.YiBaseProductSwiftTests;
				PRODUCT_NAME = "$(TARGET_NAME)";
				SWIFT_VERSION = 5.0;
				TARGETED_DEVICE_FAMILY = "1,2";
				TEST_HOST = "$(BUILT_PRODUCTS_DIR)/YiBaseProductSwift.app/YiBaseProductSwift";
			};
			name = Release;
		};
		0F5F0DA124E50398002BE690 /* Debug */ = {
			isa = XCBuildConfiguration;
			buildSettings = {
				ALWAYS_EMBED_SWIFT_STANDARD_LIBRARIES = YES;
				CODE_SIGN_STYLE = Automatic;
				DEVELOPMENT_TEAM = 232SMV5CPW;
				INFOPLIST_FILE = YiBaseProductSwiftUITests/Info.plist;
				LD_RUNPATH_SEARCH_PATHS = (
					"$(inherited)",
					"@executable_path/Frameworks",
					"@loader_path/Frameworks",
				);
				PRODUCT_BUNDLE_IDENTIFIER = yi.YiBaseProductSwiftUITests;
				PRODUCT_NAME = "$(TARGET_NAME)";
				SWIFT_VERSION = 5.0;
				TARGETED_DEVICE_FAMILY = "1,2";
				TEST_TARGET_NAME = YiBaseProductSwift;
			};
			name = Debug;
		};
		0F5F0DA224E50398002BE690 /* Release */ = {
			isa = XCBuildConfiguration;
			buildSettings = {
				ALWAYS_EMBED_SWIFT_STANDARD_LIBRARIES = YES;
				CODE_SIGN_STYLE = Automatic;
				DEVELOPMENT_TEAM = 232SMV5CPW;
				INFOPLIST_FILE = YiBaseProductSwiftUITests/Info.plist;
				LD_RUNPATH_SEARCH_PATHS = (
					"$(inherited)",
					"@executable_path/Frameworks",
					"@loader_path/Frameworks",
				);
				PRODUCT_BUNDLE_IDENTIFIER = yi.YiBaseProductSwiftUITests;
				PRODUCT_NAME = "$(TARGET_NAME)";
				SWIFT_VERSION = 5.0;
				TARGETED_DEVICE_FAMILY = "1,2";
				TEST_TARGET_NAME = YiBaseProductSwift;
			};
			name = Release;
		};
/* End XCBuildConfiguration section */

/* Begin XCConfigurationList section */
		0F5F0D6B24E50394002BE690 /* Build configuration list for PBXProject "YiBaseProductSwift" */ = {
			isa = XCConfigurationList;
			buildConfigurations = (
				0F5F0D9824E50398002BE690 /* Debug */,
				0F5F0D9924E50398002BE690 /* Release */,
			);
			defaultConfigurationIsVisible = 0;
			defaultConfigurationName = Release;
		};
		0F5F0D9A24E50398002BE690 /* Build configuration list for PBXNativeTarget "YiBaseProductSwift" */ = {
			isa = XCConfigurationList;
			buildConfigurations = (
				0F5F0D9B24E50398002BE690 /* Debug */,
				0F5F0D9C24E50398002BE690 /* Release */,
			);
			defaultConfigurationIsVisible = 0;
			defaultConfigurationName = Release;
		};
		0F5F0D9D24E50398002BE690 /* Build configuration list for PBXNativeTarget "YiBaseProductSwiftTests" */ = {
			isa = XCConfigurationList;
			buildConfigurations = (
				0F5F0D9E24E50398002BE690 /* Debug */,
				0F5F0D9F24E50398002BE690 /* Release */,
			);
			defaultConfigurationIsVisible = 0;
			defaultConfigurationName = Release;
		};
		0F5F0DA024E50398002BE690 /* Build configuration list for PBXNativeTarget "YiBaseProductSwiftUITests" */ = {
			isa = XCConfigurationList;
			buildConfigurations = (
				0F5F0DA124E50398002BE690 /* Debug */,
				0F5F0DA224E50398002BE690 /* Release */,
			);
			defaultConfigurationIsVisible = 0;
			defaultConfigurationName = Release;
		};
/* End XCConfigurationList section */
	};
	rootObject = 0F5F0D6824E50394002BE690 /* Project object */;
}
